<?xml version="1.0" encoding="utf-8"?>
<Project ToolsVersion="4.0" xmlns="http://schemas.microsoft.com/developer/msbuild/2003">
  <ItemGroup>
    <Filter Include="include">
      <UniqueIdentifier>{f7a5dcc2-2274-4bcc-8bb5-bb32ff0ee5ca}</UniqueIdentifier>
    </Filter>
    <Filter Include="src">
      <UniqueIdentifier>{e361fb6e-ce90-4625-844c-4c697e9163db}</UniqueIdentifier>
    </Filter>
  </ItemGroup>
  <ItemGroup>
    <ClCompile Include="..\..\demo\src\server_demo.cpp">
      <Filter>src</Filter>
    </ClCompile>
  </ItemGroup>
</Project>