<?xml version="1.0" encoding="utf-8"?>
<Project ToolsVersion="4.0" xmlns="http://schemas.microsoft.com/developer/msbuild/2003">
  <ItemGroup>
    <Filter Include="include">
      <UniqueIdentifier>{3cddec11-8baa-407e-95d3-d4919fd880ae}</UniqueIdentifier>
    </Filter>
    <Filter Include="src">
      <UniqueIdentifier>{7093ea6b-0035-4324-9445-a6f910133369}</UniqueIdentifier>
    </Filter>
  </ItemGroup>
  <ItemGroup>
    <ClCompile Include="..\..\demo\src\client_demo.cpp">
      <Filter>src</Filter>
    </ClCompile>
  </ItemGroup>
</Project>