<?xml version="1.0" encoding="utf-8"?>
<Project ToolsVersion="4.0" xmlns="http://schemas.microsoft.com/developer/msbuild/2003">
  <ItemGroup>
    <Filter Include="include">
      <UniqueIdentifier>{c54789f1-824e-4c85-a472-f950ae04749e}</UniqueIdentifier>
    </Filter>
    <Filter Include="src">
      <UniqueIdentifier>{c0408eca-89c9-4ca6-8d9c-133138d508bf}</UniqueIdentifier>
    </Filter>
    <Filter Include="include\detail">
      <UniqueIdentifier>{0d0fd112-654a-4df8-bc20-798e0969cd22}</UniqueIdentifier>
    </Filter>
  </ItemGroup>
  <ItemGroup>
    <ClInclude Include="..\..\include\util\and.h">
      <Filter>include</Filter>
    </ClInclude>
    <ClInclude Include="..\..\include\util\array_deleter.h">
      <Filter>include</Filter>
    </ClInclude>
    <ClInclude Include="..\..\include\util\base64.h">
      <Filter>include</Filter>
    </ClInclude>
    <ClInclude Include="..\..\include\util\buffer.h">
      <Filter>include</Filter>
    </ClInclude>
    <ClInclude Include="..\..\include\util\can_stream_in.h">
      <Filter>include</Filter>
    </ClInclude>
    <ClInclude Include="..\..\include\util\can_stream_out.h">
      <Filter>include</Filter>
    </ClInclude>
    <ClInclude Include="..\..\include\util\enum_to_string.h">
      <Filter>include</Filter>
    </ClInclude>
    <ClInclude Include="..\..\include\util\or.h">
      <Filter>include</Filter>
    </ClInclude>
    <ClInclude Include="..\..\include\util\return_type.h">
      <Filter>include</Filter>
    </ClInclude>
    <ClInclude Include="..\..\include\util\string_convert.h">
      <Filter>include</Filter>
    </ClInclude>
    <ClInclude Include="..\..\include\util\uuid.h">
      <Filter>include</Filter>
    </ClInclude>
    <ClInclude Include="..\..\include\util\detail\make_unique.h">
      <Filter>include\detail</Filter>
    </ClInclude>
    <ClInclude Include="..\..\include\util\detail\sfinae_base.h">
      <Filter>include\detail</Filter>
    </ClInclude>
    <ClInclude Include="..\..\include\util\dll_export.h">
      <Filter>include</Filter>
    </ClInclude>
    <ClInclude Include="..\..\include\util\simple_math.h">
      <Filter>include</Filter>
    </ClInclude>
  </ItemGroup>
  <ItemGroup>
    <ClCompile Include="..\..\src\util\base64.cpp">
      <Filter>src</Filter>
    </ClCompile>
  </ItemGroup>
</Project>